// !$*UTF8*$!
{
	archiveVersion = 1;
	classes = {
	};
	objectVersion = 56;
	objects = {

/* Begin PBXBuildFile section */
		87406A312980DACE00CBDE2D /* quantumitApp.swift in Sources */ = {isa = PBXBuildFile; fileRef = 87406A302980DACE00CBDE2D /* quantumitApp.swift */; };
		87406A332980DACE00CBDE2D /* ContentView.swift in Sources */ = {isa = PBXBuildFile; fileRef = 87406A322980DACE00CBDE2D /* ContentView.swift */; };
		87406A352980DACF00CBDE2D /* Assets.xcassets in Resources */ = {isa = PBXBuildFile; fileRef = 87406A342980DACF00CBDE2D /* Assets.xcassets */; };
		87406A382980DACF00CBDE2D /* Preview Assets.xcassets in Resources */ = {isa = PBXBuildFile; fileRef = 87406A372980DACF00CBDE2D /* Preview Assets.xcassets */; };
		87406A402980E07300CBDE2D /* Login.swift in Sources */ = {isa = PBXBuildFile; fileRef = 87406A3F2980E07300CBDE2D /* Login.swift */; };
		87406A432980E22D00CBDE2D /* CustomButton.swift in Sources */ = {isa = PBXBuildFile; fileRef = 87406A422980E22D00CBDE2D /* CustomButton.swift */; };
		87406A452980ED2200CBDE2D /* CartScreen.swift in Sources */ = {isa = PBXBuildFile; fileRef = 87406A442980ED2200CBDE2D /* CartScreen.swift */; };
		87406A472980F07500CBDE2D /* MainScreen.swift in Sources */ = {isa = PBXBuildFile; fileRef = 87406A462980F07500CBDE2D /* MainScreen.swift */; };
		87406A492980F37000CBDE2D /* ProductCard.swift in Sources */ = {isa = PBXBuildFile; fileRef = 87406A482980F37000CBDE2D /* ProductCard.swift */; };
		87406A4B29810C6900CBDE2D /* Home.swift in Sources */ = {isa = PBXBuildFile; fileRef = 87406A4A29810C6900CBDE2D /* Home.swift */; };
		87406A4E2981107800CBDE2D /* Cart.swift in Sources */ = {isa = PBXBuildFile; fileRef = 87406A4D2981107800CBDE2D /* Cart.swift */; };
		87406A50298110DA00CBDE2D /* UserData.swift in Sources */ = {isa = PBXBuildFile; fileRef = 87406A4F298110DA00CBDE2D /* UserData.swift */; };
/* End PBXBuildFile section */

/* Begin PBXFileReference section */
		87406A2D2980DACE00CBDE2D /* quantumit.app */ = {isa = PBXFileReference; explicitFileType = wrapper.application; includeInIndex = 0; path = quantumit.app; sourceTree = BUILT_PRODUCTS_DIR; };
		87406A302980DACE00CBDE2D /* quantumitApp.swift */ = {isa = PBXFileReference; lastKnownFileType = sourcecode.swift; path = quantumitApp.swift; sourceTree = "<group>"; };
		87406A322980DACE00CBDE2D /* ContentView.swift */ = {isa = PBXFileReference; lastKnownFileType = sourcecode.swift; path = ContentView.swift; sourceTree = "<group>"; };
		87406A342980DACF00CBDE2D /* Assets.xcassets */ = {isa = PBXFileReference; lastKnownFileType = folder.assetcatalog; path = Assets.xcassets; sourceTree = "<group>"; };
		87406A372980DACF00CBDE2D /* Preview Assets.xcassets */ = {isa = PBXFileReference; lastKnownFileType = folder.assetcatalog; path = "Preview Assets.xcassets"; sourceTree = "<group>"; };
		87406A3F2980E07300CBDE2D /* Login.swift */ = {isa = PBXFileReference; lastKnownFileType = sourcecode.swift; path = Login.swift; sourceTree = "<group>"; };
		87406A422980E22D00CBDE2D /* CustomButton.swift */ = {isa = PBXFileReference; lastKnownFileType = sourcecode.swift; path = CustomButton.swift; sourceTree = "<group>"; };
		87406A442980ED2200CBDE2D /* CartScreen.swift */ = {isa = PBXFileReference; lastKnownFileType = sourcecode.swift; path = CartScreen.swift; sourceTree = "<group>"; };
		87406A462980F07500CBDE2D /* MainScreen.swift */ = {isa = PBXFileReference; lastKnownFileType = sourcecode.swift; path = MainScreen.swift; sourceTree = "<group>"; };
		87406A482980F37000CBDE2D /* ProductCard.swift */ = {isa = PBXFileReference; lastKnownFileType = sourcecode.swift; path = ProductCard.swift; sourceTree = "<group>"; };
		87406A4A29810C6900CBDE2D /* Home.swift */ = {isa = PBXFileReference; lastKnownFileType = sourcecode.swift; path = Home.swift; sourceTree = "<group>"; };
		87406A4D2981107800CBDE2D /* Cart.swift */ = {isa = PBXFileReference; lastKnownFileType = sourcecode.swift; path = Cart.swift; sourceTree = "<group>"; };
		87406A4F298110DA00CBDE2D /* UserData.swift */ = {isa = PBXFileReference; lastKnownFileType = sourcecode.swift; path = UserData.swift; sourceTree = "<group>"; };
/* End PBXFileReference section */

/* Begin PBXFrameworksBuildPhase section */
		87406A2A2980DACE00CBDE2D /* Frameworks */ = {
			isa = PBXFrameworksBuildPhase;
			buildActionMask = 2147483647;
			files = (
			);
			runOnlyForDeploymentPostprocessing = 0;
		};
/* End PBXFrameworksBuildPhase section */

/* Begin PBXGroup section */
		87406A242980DACE00CBDE2D = {
			isa = PBXGroup;
			children = (
				87406A2F2980DACE00CBDE2D /* quantumit */,
				87406A2E2980DACE00CBDE2D /* Products */,
			);
			sourceTree = "<group>";
		};
		87406A2E2980DACE00CBDE2D /* Products */ = {
			isa = PBXGroup;
			children = (
				87406A2D2980DACE00CBDE2D /* quantumit.app */,
			);
			name = Products;
			sourceTree = "<group>";
		};
		87406A2F2980DACE00CBDE2D /* quantumit */ = {
			isa = PBXGroup;
			children = (
				87406A4C2981106600CBDE2D /* Models */,
				87406A412980E22100CBDE2D /* ViewElements */,
				87406A3E2980E06600CBDE2D /* screens */,
				87406A302980DACE00CBDE2D /* quantumitApp.swift */,
				87406A322980DACE00CBDE2D /* ContentView.swift */,
				87406A342980DACF00CBDE2D /* Assets.xcassets */,
				87406A362980DACF00CBDE2D /* Preview Content */,
			);
			path = quantumit;
			sourceTree = "<group>";
		};
		87406A362980DACF00CBDE2D /* Preview Content */ = {
			isa = PBXGroup;
			children = (
				87406A372980DACF00CBDE2D /* Preview Assets.xcassets */,
			);
			path = "Preview Content";
			sourceTree = "<group>";
		};
		87406A3E2980E06600CBDE2D /* screens */ = {
			isa = PBXGroup;
			children = (
				87406A3F2980E07300CBDE2D /* Login.swift */,
				87406A442980ED2200CBDE2D /* CartScreen.swift */,
				87406A4A29810C6900CBDE2D /* Home.swift */,
				87406A462980F07500CBDE2D /* MainScreen.swift */,
			);
			path = screens;
			sourceTree = "<group>";
		};
		87406A412980E22100CBDE2D /* ViewElements */ = {
			isa = PBXGroup;
			children = (
				87406A422980E22D00CBDE2D /* CustomButton.swift */,
				87406A482980F37000CBDE2D /* ProductCard.swift */,
			);
			path = ViewElements;
			sourceTree = "<group>";
		};
		87406A4C2981106600CBDE2D /* Models */ = {
			isa = PBXGroup;
			children = (
				87406A4D2981107800CBDE2D /* Cart.swift */,
				87406A4F298110DA00CBDE2D /* UserData.swift */,
			);
			path = Models;
			sourceTree = "<group>";
		};
/* End PBXGroup section */

/* Begin PBXNativeTarget section */
		87406A2C2980DACE00CBDE2D /* quantumit */ = {
			isa = PBXNativeTarget;
			buildConfigurationList = 87406A3B2980DACF00CBDE2D /* Build configuration list for PBXNativeTarget "quantumit" */;
			buildPhases = (
				87406A292980DACE00CBDE2D /* Sources */,
				87406A2A2980DACE00CBDE2D /* Frameworks */,
				87406A2B2980DACE00CBDE2D /* Resources */,
			);
			buildRules = (
			);
			dependencies = (
			);
			name = quantumit;
			productName = quantumit;
			productReference = 87406A2D2980DACE00CBDE2D /* quantumit.app */;
			productType = "com.apple.product-type.application";
		};
/* End PBXNativeTarget section */

/* Begin PBXProject section */
		87406A252980DACE00CBDE2D /* Project object */ = {
			isa = PBXProject;
			attributes = {
				BuildIndependentTargetsInParallel = 1;
				LastSwiftUpdateCheck = 1420;
				LastUpgradeCheck = 1420;
				TargetAttributes = {
					87406A2C2980DACE00CBDE2D = {
						CreatedOnToolsVersion = 14.2;
					};
				};
			};
			buildConfigurationList = 87406A282980DACE00CBDE2D /* Build configuration list for PBXProject "quantumit" */;
			compatibilityVersion = "Xcode 14.0";
			developmentRegion = en;
			hasScannedForEncodings = 0;
			knownRegions = (
				en,
				Base,
			);
			mainGroup = 87406A242980DACE00CBDE2D;
			productRefGroup = 87406A2E2980DACE00CBDE2D /* Products */;
			projectDirPath = "";
			projectRoot = "";
			targets = (
				87406A2C2980DACE00CBDE2D /* quantumit */,
			);
		};
/* End PBXProject section */

/* Begin PBXResourcesBuildPhase section */
		87406A2B2980DACE00CBDE2D /* Resources */ = {
			isa = PBXResourcesBuildPhase;
			buildActionMask = 2147483647;
			files = (
				87406A382980DACF00CBDE2D /* Preview Assets.xcassets in Resources */,
				87406A352980DACF00CBDE2D /* Assets.xcassets in Resources */,
			);
			runOnlyForDeploymentPostprocessing = 0;
		};
/* End PBXResourcesBuildPhase section */

/* Begin PBXSourcesBuildPhase section */
		87406A292980DACE00CBDE2D /* Sources */ = {
			isa = PBXSourcesBuildPhase;
			buildActionMask = 2147483647;
			files = (
				87406A472980F07500CBDE2D /* MainScreen.swift in Sources */,
				87406A4E2981107800CBDE2D /* Cart.swift in Sources */,
				87406A432980E22D00CBDE2D /* CustomButton.swift in Sources */,
				87406A402980E07300CBDE2D /* Login.swift in Sources */,
				87406A452980ED2200CBDE2D /* CartScreen.swift in Sources */,
				87406A332980DACE00CBDE2D /* ContentView.swift in Sources */,
				87406A312980DACE00CBDE2D /* quantumitApp.swift in Sources */,
				87406A4B29810C6900CBDE2D /* Home.swift in Sources */,
				87406A50298110DA00CBDE2D /* UserData.swift in Sources */,
				87406A492980F37000CBDE2D /* ProductCard.swift in Sources */,
			);
			runOnlyForDeploymentPostprocessing = 0;
		};
/* End PBXSourcesBuildPhase section */

/* Begin XCBuildConfiguration section */
		87406A392980DACF00CBDE2D /* Debug */ = {
			isa = XCBuildConfiguration;
			buildSettings = {
				ALWAYS_SEARCH_USER_PATHS = NO;
				CLANG_ANALYZER_NONNULL = YES;
				CLANG_ANALYZER_NUMBER_OBJECT_CONVERSION = YES_AGGRESSIVE;
				CLANG_CXX_LANGUAGE_STANDARD = "gnu++20";
				CLANG_ENABLE_MODULES = YES;
				CLANG_ENABLE_OBJC_ARC = YES;
				CLANG_ENABLE_OBJC_WEAK = YES;
				CLANG_WARN_BLOCK_CAPTURE_AUTORELEASING = YES;
				CLANG_WARN_BOOL_CONVERSION = YES;
				CLANG_WARN_COMMA = YES;
				CLANG_WARN_CONSTANT_CONVERSION = YES;
				CLANG_WARN_DEPRECATED_OBJC_IMPLEMENTATIONS = YES;
				CLANG_WARN_DIRECT_OBJC_ISA_USAGE = YES_ERROR;
				CLANG_WARN_DOCUMENTATION_COMMENTS = YES;
				CLANG_WARN_EMPTY_BODY = YES;
				CLANG_WARN_ENUM_CONVERSION = YES;
				CLANG_WARN_INFINITE_RECURSION = YES;
				CLANG_WARN_INT_CONVERSION = YES;
				CLANG_WARN_NON_LITERAL_NULL_CONVERSION = YES;
				CLANG_WARN_OBJC_IMPLICIT_RETAIN_SELF = YES;
				CLANG_WARN_OBJC_LITERAL_CONVERSION = YES;
				CLANG_WARN_OBJC_ROOT_CLASS = YES_ERROR;
				CLANG_WARN_QUOTED_INCLUDE_IN_FRAMEWORK_HEADER = YES;
				CLANG_WARN_RANGE_LOOP_ANALYSIS = YES;
				CLANG_WARN_STRICT_PROTOTYPES = YES;
				CLANG_WARN_SUSPICIOUS_MOVE = YES;
				CLANG_WARN_UNGUARDED_AVAILABILITY = YES_AGGRESSIVE;
				CLANG_WARN_UNREACHABLE_CODE = YES;
				CLANG_WARN__DUPLICATE_METHOD_MATCH = YES;
				COPY_PHASE_STRIP = NO;
				DEBUG_INFORMATION_FORMAT = dwarf;
				ENABLE_STRICT_OBJC_MSGSEND = YES;
				ENABLE_TESTABILITY = YES;
				GCC_C_LANGUAGE_STANDARD = gnu11;
				GCC_DYNAMIC_NO_PIC = NO;
				GCC_NO_COMMON_BLOCKS = YES;
				GCC_OPTIMIZATION_LEVEL = 0;
				GCC_PREPROCESSOR_DEFINITIONS = (
					"DEBUG=1",
					"$(inherited)",
				);
				GCC_WARN_64_TO_32_BIT_CONVERSION = YES;
				GCC_WARN_ABOUT_RETURN_TYPE = YES_ERROR;
				GCC_WARN_UNDECLARED_SELECTOR = YES;
				GCC_WARN_UNINITIALIZED_AUTOS = YES_AGGRESSIVE;
				GCC_WARN_UNUSED_FUNCTION = YES;
				GCC_WARN_UNUSED_VARIABLE = YES;
				IPHONEOS_DEPLOYMENT_TARGET = 16.2;
				MTL_ENABLE_DEBUG_INFO = INCLUDE_SOURCE;
				MTL_FAST_MATH = YES;
				ONLY_ACTIVE_ARCH = YES;
				SDKROOT = iphoneos;
				SWIFT_ACTIVE_COMPILATION_CONDITIONS = DEBUG;
				SWIFT_OPTIMIZATION_LEVEL = "-Onone";
			};
			name = Debug;
		};
		87406A3A2980DACF00CBDE2D /* Release */ = {
			isa = XCBuildConfiguration;
			buildSettings = {
				ALWAYS_SEARCH_USER_PATHS = NO;
				CLANG_ANALYZER_NONNULL = YES;
				CLANG_ANALYZER_NUMBER_OBJECT_CONVERSION = YES_AGGRESSIVE;
				CLANG_CXX_LANGUAGE_STANDARD = "gnu++20";
				CLANG_ENABLE_MODULES = YES;
				CLANG_ENABLE_OBJC_ARC = YES;
				CLANG_ENABLE_OBJC_WEAK = YES;
				CLANG_WARN_BLOCK_CAPTURE_AUTORELEASING = YES;
				CLANG_WARN_BOOL_CONVERSION = YES;
				CLANG_WARN_COMMA = YES;
				CLANG_WARN_CONSTANT_CONVERSION = YES;
				CLANG_WARN_DEPRECATED_OBJC_IMPLEMENTATIONS = YES;
				CLANG_WARN_DIRECT_OBJC_ISA_USAGE = YES_ERROR;
				CLANG_WARN_DOCUMENTATION_COMMENTS = YES;
				CLANG_WARN_EMPTY_BODY = YES;
				CLANG_WARN_ENUM_CONVERSION = YES;
				CLANG_WARN_INFINITE_RECURSION = YES;
				CLANG_WARN_INT_CONVERSION = YES;
				CLANG_WARN_NON_LITERAL_NULL_CONVERSION = YES;
				CLANG_WARN_OBJC_IMPLICIT_RETAIN_SELF = YES;
				CLANG_WARN_OBJC_LITERAL_CONVERSION = YES;
				CLANG_WARN_OBJC_ROOT_CLASS = YES_ERROR;
				CLANG_WARN_QUOTED_INCLUDE_IN_FRAMEWORK_HEADER = YES;
				CLANG_WARN_RANGE_LOOP_ANALYSIS = YES;
				CLANG_WARN_STRICT_PROTOTYPES = YES;
				CLANG_WARN_SUSPICIOUS_MOVE = YES;
				CLANG_WARN_UNGUARDED_AVAILABILITY = YES_AGGRESSIVE;
				CLANG_WARN_UNREACHABLE_CODE = YES;
				CLANG_WARN__DUPLICATE_METHOD_MATCH = YES;
				COPY_PHASE_STRIP = NO;
				DEBUG_INFORMATION_FORMAT = "dwarf-with-dsym";
				ENABLE_NS_ASSERTIONS = NO;
				ENABLE_STRICT_OBJC_MSGSEND = YES;
				GCC_C_LANGUAGE_STANDARD = gnu11;
				GCC_NO_COMMON_BLOCKS = YES;
				GCC_WARN_64_TO_32_BIT_CONVERSION = YES;
				GCC_WARN_ABOUT_RETURN_TYPE = YES_ERROR;
				GCC_WARN_UNDECLARED_SELECTOR = YES;
				GCC_WARN_UNINITIALIZED_AUTOS = YES_AGGRESSIVE;
				GCC_WARN_UNUSED_FUNCTION = YES;
				GCC_WARN_UNUSED_VARIABLE = YES;
				IPHONEOS_DEPLOYMENT_TARGET = 16.2;
				MTL_ENABLE_DEBUG_INFO = NO;
				MTL_FAST_MATH = YES;
				SDKROOT = iphoneos;
				SWIFT_COMPILATION_MODE = wholemodule;
				SWIFT_OPTIMIZATION_LEVEL = "-O";
				VALIDATE_PRODUCT = YES;
			};
			name = Release;
		};
		87406A3C2980DACF00CBDE2D /* Debug */ = {
			isa = XCBuildConfiguration;
			buildSettings = {
				ASSETCATALOG_COMPILER_APPICON_NAME = AppIcon;
				ASSETCATALOG_COMPILER_GLOBAL_ACCENT_COLOR_NAME = AccentColor;
				CODE_SIGN_STYLE = Automatic;
				CURRENT_PROJECT_VERSION = 1;
				DEVELOPMENT_ASSET_PATHS = "\"quantumit/Preview Content\"";
				DEVELOPMENT_TEAM = 3HJ6SH2W7S;
				ENABLE_PREVIEWS = YES;
				GENERATE_INFOPLIST_FILE = YES;
				INFOPLIST_KEY_UIApplicationSceneManifest_Generation = YES;
				INFOPLIST_KEY_UIApplicationSupportsIndirectInputEvents = YES;
				INFOPLIST_KEY_UILaunchScreen_Generation = YES;
				INFOPLIST_KEY_UISupportedInterfaceOrientations_iPad = "UIInterfaceOrientationPortrait UIInterfaceOrientationPortraitUpsideDown UIInterfaceOrientationLandscapeLeft UIInterfaceOrientationLandscapeRight";
				INFOPLIST_KEY_UISupportedInterfaceOrientations_iPhone = "UIInterfaceOrientationPortrait UIInterfaceOrientationLandscapeLeft UIInterfaceOrientationLandscapeRight";
				LD_RUNPATH_SEARCH_PATHS = (
					"$(inherited)",
					"@executable_path/Frameworks",
				);
				MARKETING_VERSION = 1.0;
				PRODUCT_BUNDLE_IDENTIFIER = anubhavRawat.quantumit;
				PRODUCT_NAME = "$(TARGET_NAME)";
				SWIFT_EMIT_LOC_STRINGS = YES;
				SWIFT_VERSION = 5.0;
				TARGETED_DEVICE_FAMILY = "1,2";
			};
			name = Debug;
		};
		87406A3D2980DACF00CBDE2D /* Release */ = {
			isa = XCBuildConfiguration;
			buildSettings = {
				ASSETCATALOG_COMPILER_APPICON_NAME = AppIcon;
				ASSETCATALOG_COMPILER_GLOBAL_ACCENT_COLOR_NAME = AccentColor;
				CODE_SIGN_STYLE = Automatic;
				CURRENT_PROJECT_VERSION = 1;
				DEVELOPMENT_ASSET_PATHS = "\"quantumit/Preview Content\"";
				DEVELOPMENT_TEAM = 3HJ6SH2W7S;
				ENABLE_PREVIEWS = YES;
				GENERATE_INFOPLIST_FILE = YES;
				INFOPLIST_KEY_UIApplicationSceneManifest_Generation = YES;
				INFOPLIST_KEY_UIApplicationSupportsIndirectInputEvents = YES;
				INFOPLIST_KEY_UILaunchScreen_Generation = YES;
				INFOPLIST_KEY_UISupportedInterfaceOrientations_iPad = "UIInterfaceOrientationPortrait UIInterfaceOrientationPortraitUpsideDown UIInterfaceOrientationLandscapeLeft UIInterfaceOrientationLandscapeRight";
				INFOPLIST_KEY_UISupportedInterfaceOrientations_iPhone = "UIInterfaceOrientationPortrait UIInterfaceOrientationLandscapeLeft UIInterfaceOrientationLandscapeRight";
				LD_RUNPATH_SEARCH_PATHS = (
					"$(inherited)",
					"@executable_path/Frameworks",
				);
				MARKETING_VERSION = 1.0;
				PRODUCT_BUNDLE_IDENTIFIER = anubhavRawat.quantumit;
				PRODUCT_NAME = "$(TARGET_NAME)";
				SWIFT_EMIT_LOC_STRINGS = YES;
				SWIFT_VERSION = 5.0;
				TARGETED_DEVICE_FAMILY = "1,2";
			};
			name = Release;
		};
/* End XCBuildConfiguration section */

/* Begin XCConfigurationList section */
		87406A282980DACE00CBDE2D /* Build configuration list for PBXProject "quantumit" */ = {
			isa = XCConfigurationList;
			buildConfigurations = (
				87406A392980DACF00CBDE2D /* Debug */,
				87406A3A2980DACF00CBDE2D /* Release */,
			);
			defaultConfigurationIsVisible = 0;
			defaultConfigurationName = Release;
		};
		87406A3B2980DACF00CBDE2D /* Build configuration list for PBXNativeTarget "quantumit" */ = {
			isa = XCConfigurationList;
			buildConfigurations = (
				87406A3C2980DACF00CBDE2D /* Debug */,
				87406A3D2980DACF00CBDE2D /* Release */,
			);
			defaultConfigurationIsVisible = 0;
			defaultConfigurationName = Release;
		};
/* End XCConfigurationList section */
	};
	rootObject = 87406A252980DACE00CBDE2D /* Project object */;
}
